github.com/wowchemy/wowchemy-hugo-modules/wowchemy v0.0.0-20210619151401-cc42eb413531 h1:nWDP0Uo8tLYXfujXKYh0vTCt+YYmHfcC++sVG+EI28g=
github.com/wowchemy/wowchemy-hugo-modules/wowchemy v0.0.0-20210619151401-cc42eb413531/go.mod h1:H22qfH9qj3FWwsk7+bAZpmT24yRGNQURah2/IRwjbn8=
github.com/wowchemy/wowchemy-hugo-modules/wowchemy-cms v0.0.0-20210619151401-cc42eb413531 h1:1E8mdF8sx+EOdla2DOMOujcanY5M89GxivPQXcUP59c=
github.com/wowchemy/wowchemy-hugo-modules/wowchemy-cms v0.0.0-20210619151401-cc42eb413531/go.mod h1:AKpYbqUVlj0VYsc7Jsxe1o8Ko2yV31A5ZPdfpACcXJw=
